// !$*UTF8*$!
{
	archiveVersion = 1;
	classes = {
	};
	objectVersion = 50;
	objects = {

/* Begin PBXBuildFile section */
		C91D46522247874A00A6B62C /* AppDelegate.swift in Sources */ = {isa = PBXBuildFile; fileRef = C91D46512247874A00A6B62C /* AppDelegate.swift */; };
		C91D46592247874C00A6B62C /* Assets.xcassets in Resources */ = {isa = PBXBuildFile; fileRef = C91D46582247874C00A6B62C /* Assets.xcassets */; };
		C91D465C2247874C00A6B62C /* LaunchScreen.storyboard in Resources */ = {isa = PBXBuildFile; fileRef = C91D465A2247874C00A6B62C /* LaunchScreen.storyboard */; };
		C91D46642247887D00A6B62C /* BaseTabBarController.swift in Sources */ = {isa = PBXBuildFile; fileRef = C91D46632247887D00A6B62C /* BaseTabBarController.swift */; };
		C91D46662247971C00A6B62C /* AppsSearchController.swift in Sources */ = {isa = PBXBuildFile; fileRef = C91D46652247971C00A6B62C /* AppsSearchController.swift */; };
		C91D466A22479F6C00A6B62C /* SearchResultCell.swift in Sources */ = {isa = PBXBuildFile; fileRef = C91D466922479F6C00A6B62C /* SearchResultCell.swift */; };
		C91D466E2247A68200A6B62C /* UIView+Layout.swift in Sources */ = {isa = PBXBuildFile; fileRef = C91D466D2247A68200A6B62C /* UIView+Layout.swift */; };
		C91D46702247AAF100A6B62C /* VerticalStackView.swift in Sources */ = {isa = PBXBuildFile; fileRef = C91D466F2247AAF100A6B62C /* VerticalStackView.swift */; };
		C91D46722247CCE300A6B62C /* SearchResult.swift in Sources */ = {isa = PBXBuildFile; fileRef = C91D46712247CCE200A6B62C /* SearchResult.swift */; };
		C91D46762247D15600A6B62C /* Service.swift in Sources */ = {isa = PBXBuildFile; fileRef = C91D46752247D15600A6B62C /* Service.swift */; };
/* End PBXBuildFile section */

/* Begin PBXFileReference section */
		C91D464E2247874A00A6B62C /* app-store-apps.app */ = {isa = PBXFileReference; explicitFileType = wrapper.application; includeInIndex = 0; path = "app-store-apps.app"; sourceTree = BUILT_PRODUCTS_DIR; };
		C91D46512247874A00A6B62C /* AppDelegate.swift */ = {isa = PBXFileReference; lastKnownFileType = sourcecode.swift; path = AppDelegate.swift; sourceTree = "<group>"; };
		C91D46582247874C00A6B62C /* Assets.xcassets */ = {isa = PBXFileReference; lastKnownFileType = folder.assetcatalog; path = Assets.xcassets; sourceTree = "<group>"; };
		C91D465B2247874C00A6B62C /* Base */ = {isa = PBXFileReference; lastKnownFileType = file.storyboard; name = Base; path = Base.lproj/LaunchScreen.storyboard; sourceTree = "<group>"; };
		C91D465D2247874C00A6B62C /* Info.plist */ = {isa = PBXFileReference; lastKnownFileType = text.plist.xml; path = Info.plist; sourceTree = "<group>"; };
		C91D46632247887D00A6B62C /* BaseTabBarController.swift */ = {isa = PBXFileReference; lastKnownFileType = sourcecode.swift; path = BaseTabBarController.swift; sourceTree = "<group>"; };
		C91D46652247971C00A6B62C /* AppsSearchController.swift */ = {isa = PBXFileReference; lastKnownFileType = sourcecode.swift; path = AppsSearchController.swift; sourceTree = "<group>"; };
		C91D466922479F6C00A6B62C /* SearchResultCell.swift */ = {isa = PBXFileReference; lastKnownFileType = sourcecode.swift; path = SearchResultCell.swift; sourceTree = "<group>"; };
		C91D466D2247A68200A6B62C /* UIView+Layout.swift */ = {isa = PBXFileReference; fileEncoding = 4; lastKnownFileType = sourcecode.swift; path = "UIView+Layout.swift"; sourceTree = "<group>"; };
		C91D466F2247AAF100A6B62C /* VerticalStackView.swift */ = {isa = PBXFileReference; lastKnownFileType = sourcecode.swift; path = VerticalStackView.swift; sourceTree = "<group>"; };
		C91D46712247CCE200A6B62C /* SearchResult.swift */ = {isa = PBXFileReference; lastKnownFileType = sourcecode.swift; path = SearchResult.swift; sourceTree = "<group>"; };
		C91D46752247D15600A6B62C /* Service.swift */ = {isa = PBXFileReference; lastKnownFileType = sourcecode.swift; path = Service.swift; sourceTree = "<group>"; };
/* End PBXFileReference section */

/* Begin PBXFrameworksBuildPhase section */
		C91D464B2247874A00A6B62C /* Frameworks */ = {
			isa = PBXFrameworksBuildPhase;
			buildActionMask = 2147483647;
			files = (
			);
			runOnlyForDeploymentPostprocessing = 0;
		};
/* End PBXFrameworksBuildPhase section */

/* Begin PBXGroup section */
		C91D46452247874A00A6B62C = {
			isa = PBXGroup;
			children = (
				C91D46502247874A00A6B62C /* app-store-apps */,
				C91D464F2247874A00A6B62C /* Products */,
			);
			sourceTree = "<group>";
		};
		C91D464F2247874A00A6B62C /* Products */ = {
			isa = PBXGroup;
			children = (
				C91D464E2247874A00A6B62C /* app-store-apps.app */,
			);
			name = Products;
			sourceTree = "<group>";
		};
		C91D46502247874A00A6B62C /* app-store-apps */ = {
			isa = PBXGroup;
			children = (
				C91D46512247874A00A6B62C /* AppDelegate.swift */,
				C91D46742247D13C00A6B62C /* Service */,
				C91D46732247CCE700A6B62C /* Model */,
				C91D466C2247A64A00A6B62C /* Helpers */,
				C91D46682247979500A6B62C /* Controller */,
				C91D466B22479F7200A6B62C /* View */,
				C91D46582247874C00A6B62C /* Assets.xcassets */,
				C91D465A2247874C00A6B62C /* LaunchScreen.storyboard */,
				C91D465D2247874C00A6B62C /* Info.plist */,
			);
			path = "app-store-apps";
			sourceTree = "<group>";
		};
		C91D46682247979500A6B62C /* Controller */ = {
			isa = PBXGroup;
			children = (
				C91D46632247887D00A6B62C /* BaseTabBarController.swift */,
				C91D46652247971C00A6B62C /* AppsSearchController.swift */,
			);
			path = Controller;
			sourceTree = "<group>";
		};
		C91D466B22479F7200A6B62C /* View */ = {
			isa = PBXGroup;
			children = (
				C91D466922479F6C00A6B62C /* SearchResultCell.swift */,
			);
			path = View;
			sourceTree = "<group>";
		};
		C91D466C2247A64A00A6B62C /* Helpers */ = {
			isa = PBXGroup;
			children = (
				C91D466D2247A68200A6B62C /* UIView+Layout.swift */,
				C91D466F2247AAF100A6B62C /* VerticalStackView.swift */,
			);
			path = Helpers;
			sourceTree = "<group>";
		};
		C91D46732247CCE700A6B62C /* Model */ = {
			isa = PBXGroup;
			children = (
				C91D46712247CCE200A6B62C /* SearchResult.swift */,
			);
			path = Model;
			sourceTree = "<group>";
		};
		C91D46742247D13C00A6B62C /* Service */ = {
			isa = PBXGroup;
			children = (
				C91D46752247D15600A6B62C /* Service.swift */,
			);
			path = Service;
			sourceTree = "<group>";
		};
/* End PBXGroup section */

/* Begin PBXNativeTarget section */
		C91D464D2247874A00A6B62C /* app-store-apps */ = {
			isa = PBXNativeTarget;
			buildConfigurationList = C91D46602247874C00A6B62C /* Build configuration list for PBXNativeTarget "app-store-apps" */;
			buildPhases = (
				C91D464A2247874A00A6B62C /* Sources */,
				C91D464B2247874A00A6B62C /* Frameworks */,
				C91D464C2247874A00A6B62C /* Resources */,
			);
			buildRules = (
			);
			dependencies = (
			);
			name = "app-store-apps";
			productName = "app-store-apps";
			productReference = C91D464E2247874A00A6B62C /* app-store-apps.app */;
			productType = "com.apple.product-type.application";
		};
/* End PBXNativeTarget section */

/* Begin PBXProject section */
		C91D46462247874A00A6B62C /* Project object */ = {
			isa = PBXProject;
			attributes = {
				LastSwiftUpdateCheck = 1010;
				LastUpgradeCheck = 1010;
				ORGANIZATIONNAME = Swifter;
				TargetAttributes = {
					C91D464D2247874A00A6B62C = {
						CreatedOnToolsVersion = 10.1;
					};
				};
			};
			buildConfigurationList = C91D46492247874A00A6B62C /* Build configuration list for PBXProject "app-store-apps" */;
			compatibilityVersion = "Xcode 9.3";
			developmentRegion = en;
			hasScannedForEncodings = 0;
			knownRegions = (
				en,
				Base,
			);
			mainGroup = C91D46452247874A00A6B62C;
			productRefGroup = C91D464F2247874A00A6B62C /* Products */;
			projectDirPath = "";
			projectRoot = "";
			targets = (
				C91D464D2247874A00A6B62C /* app-store-apps */,
			);
		};
/* End PBXProject section */

/* Begin PBXResourcesBuildPhase section */
		C91D464C2247874A00A6B62C /* Resources */ = {
			isa = PBXResourcesBuildPhase;
			buildActionMask = 2147483647;
			files = (
				C91D465C2247874C00A6B62C /* LaunchScreen.storyboard in Resources */,
				C91D46592247874C00A6B62C /* Assets.xcassets in Resources */,
			);
			runOnlyForDeploymentPostprocessing = 0;
		};
/* End PBXResourcesBuildPhase section */

/* Begin PBXSourcesBuildPhase section */
		C91D464A2247874A00A6B62C /* Sources */ = {
			isa = PBXSourcesBuildPhase;
			buildActionMask = 2147483647;
			files = (
				C91D46662247971C00A6B62C /* AppsSearchController.swift in Sources */,
				C91D46762247D15600A6B62C /* Service.swift in Sources */,
				C91D46722247CCE300A6B62C /* SearchResult.swift in Sources */,
				C91D46702247AAF100A6B62C /* VerticalStackView.swift in Sources */,
				C91D46522247874A00A6B62C /* AppDelegate.swift in Sources */,
				C91D466A22479F6C00A6B62C /* SearchResultCell.swift in Sources */,
				C91D46642247887D00A6B62C /* BaseTabBarController.swift in Sources */,
				C91D466E2247A68200A6B62C /* UIView+Layout.swift in Sources */,
			);
			runOnlyForDeploymentPostprocessing = 0;
		};
/* End PBXSourcesBuildPhase section */

/* Begin PBXVariantGroup section */
		C91D465A2247874C00A6B62C /* LaunchScreen.storyboard */ = {
			isa = PBXVariantGroup;
			children = (
				C91D465B2247874C00A6B62C /* Base */,
			);
			name = LaunchScreen.storyboard;
			sourceTree = "<group>";
		};
/* End PBXVariantGroup section */

/* Begin XCBuildConfiguration section */
		C91D465E2247874C00A6B62C /* Debug */ = {
			isa = XCBuildConfiguration;
			buildSettings = {
				ALWAYS_SEARCH_USER_PATHS = NO;
				CLANG_ANALYZER_NONNULL = YES;
				CLANG_ANALYZER_NUMBER_OBJECT_CONVERSION = YES_AGGRESSIVE;
				CLANG_CXX_LANGUAGE_STANDARD = "gnu++14";
				CLANG_CXX_LIBRARY = "libc++";
				CLANG_ENABLE_MODULES = YES;
				CLANG_ENABLE_OBJC_ARC = YES;
				CLANG_ENABLE_OBJC_WEAK = YES;
				CLANG_WARN_BLOCK_CAPTURE_AUTORELEASING = YES;
				CLANG_WARN_BOOL_CONVERSION = YES;
				CLANG_WARN_COMMA = YES;
				CLANG_WARN_CONSTANT_CONVERSION = YES;
				CLANG_WARN_DEPRECATED_OBJC_IMPLEMENTATIONS = YES;
				CLANG_WARN_DIRECT_OBJC_ISA_USAGE = YES_ERROR;
				CLANG_WARN_DOCUMENTATION_COMMENTS = YES;
				CLANG_WARN_EMPTY_BODY = YES;
				CLANG_WARN_ENUM_CONVERSION = YES;
				CLANG_WARN_INFINITE_RECURSION = YES;
				CLANG_WARN_INT_CONVERSION = YES;
				CLANG_WARN_NON_LITERAL_NULL_CONVERSION = YES;
				CLANG_WARN_OBJC_IMPLICIT_RETAIN_SELF = YES;
				CLANG_WARN_OBJC_LITERAL_CONVERSION = YES;
				CLANG_WARN_OBJC_ROOT_CLASS = YES_ERROR;
				CLANG_WARN_RANGE_LOOP_ANALYSIS = YES;
				CLANG_WARN_STRICT_PROTOTYPES = YES;
				CLANG_WARN_SUSPICIOUS_MOVE = YES;
				CLANG_WARN_UNGUARDED_AVAILABILITY = YES_AGGRESSIVE;
				CLANG_WARN_UNREACHABLE_CODE = YES;
				CLANG_WARN__DUPLICATE_METHOD_MATCH = YES;
				CODE_SIGN_IDENTITY = "iPhone Developer";
				COPY_PHASE_STRIP = NO;
				DEBUG_INFORMATION_FORMAT = dwarf;
				ENABLE_STRICT_OBJC_MSGSEND = YES;
				ENABLE_TESTABILITY = YES;
				GCC_C_LANGUAGE_STANDARD = gnu11;
				GCC_DYNAMIC_NO_PIC = NO;
				GCC_NO_COMMON_BLOCKS = YES;
				GCC_OPTIMIZATION_LEVEL = 0;
				GCC_PREPROCESSOR_DEFINITIONS = (
					"DEBUG=1",
					"$(inherited)",
				);
				GCC_WARN_64_TO_32_BIT_CONVERSION = YES;
				GCC_WARN_ABOUT_RETURN_TYPE = YES_ERROR;
				GCC_WARN_UNDECLARED_SELECTOR = YES;
				GCC_WARN_UNINITIALIZED_AUTOS = YES_AGGRESSIVE;
				GCC_WARN_UNUSED_FUNCTION = YES;
				GCC_WARN_UNUSED_VARIABLE = YES;
				IPHONEOS_DEPLOYMENT_TARGET = 12.1;
				MTL_ENABLE_DEBUG_INFO = INCLUDE_SOURCE;
				MTL_FAST_MATH = YES;
				ONLY_ACTIVE_ARCH = YES;
				SDKROOT = iphoneos;
				SWIFT_ACTIVE_COMPILATION_CONDITIONS = DEBUG;
				SWIFT_OPTIMIZATION_LEVEL = "-Onone";
			};
			name = Debug;
		};
		C91D465F2247874C00A6B62C /* Release */ = {
			isa = XCBuildConfiguration;
			buildSettings = {
				ALWAYS_SEARCH_USER_PATHS = NO;
				CLANG_ANALYZER_NONNULL = YES;
				CLANG_ANALYZER_NUMBER_OBJECT_CONVERSION = YES_AGGRESSIVE;
				CLANG_CXX_LANGUAGE_STANDARD = "gnu++14";
				CLANG_CXX_LIBRARY = "libc++";
				CLANG_ENABLE_MODULES = YES;
				CLANG_ENABLE_OBJC_ARC = YES;
				CLANG_ENABLE_OBJC_WEAK = YES;
				CLANG_WARN_BLOCK_CAPTURE_AUTORELEASING = YES;
				CLANG_WARN_BOOL_CONVERSION = YES;
				CLANG_WARN_COMMA = YES;
				CLANG_WARN_CONSTANT_CONVERSION = YES;
				CLANG_WARN_DEPRECATED_OBJC_IMPLEMENTATIONS = YES;
				CLANG_WARN_DIRECT_OBJC_ISA_USAGE = YES_ERROR;
				CLANG_WARN_DOCUMENTATION_COMMENTS = YES;
				CLANG_WARN_EMPTY_BODY = YES;
				CLANG_WARN_ENUM_CONVERSION = YES;
				CLANG_WARN_INFINITE_RECURSION = YES;
				CLANG_WARN_INT_CONVERSION = YES;
				CLANG_WARN_NON_LITERAL_NULL_CONVERSION = YES;
				CLANG_WARN_OBJC_IMPLICIT_RETAIN_SELF = YES;
				CLANG_WARN_OBJC_LITERAL_CONVERSION = YES;
				CLANG_WARN_OBJC_ROOT_CLASS = YES_ERROR;
				CLANG_WARN_RANGE_LOOP_ANALYSIS = YES;
				CLANG_WARN_STRICT_PROTOTYPES = YES;
				CLANG_WARN_SUSPICIOUS_MOVE = YES;
				CLANG_WARN_UNGUARDED_AVAILABILITY = YES_AGGRESSIVE;
				CLANG_WARN_UNREACHABLE_CODE = YES;
				CLANG_WARN__DUPLICATE_METHOD_MATCH = YES;
				CODE_SIGN_IDENTITY = "iPhone Developer";
				COPY_PHASE_STRIP = NO;
				DEBUG_INFORMATION_FORMAT = "dwarf-with-dsym";
				ENABLE_NS_ASSERTIONS = NO;
				ENABLE_STRICT_OBJC_MSGSEND = YES;
				GCC_C_LANGUAGE_STANDARD = gnu11;
				GCC_NO_COMMON_BLOCKS = YES;
				GCC_WARN_64_TO_32_BIT_CONVERSION = YES;
				GCC_WARN_ABOUT_RETURN_TYPE = YES_ERROR;
				GCC_WARN_UNDECLARED_SELECTOR = YES;
				GCC_WARN_UNINITIALIZED_AUTOS = YES_AGGRESSIVE;
				GCC_WARN_UNUSED_FUNCTION = YES;
				GCC_WARN_UNUSED_VARIABLE = YES;
				IPHONEOS_DEPLOYMENT_TARGET = 12.1;
				MTL_ENABLE_DEBUG_INFO = NO;
				MTL_FAST_MATH = YES;
				SDKROOT = iphoneos;
				SWIFT_COMPILATION_MODE = wholemodule;
				SWIFT_OPTIMIZATION_LEVEL = "-O";
				VALIDATE_PRODUCT = YES;
			};
			name = Release;
		};
		C91D46612247874C00A6B62C /* Debug */ = {
			isa = XCBuildConfiguration;
			buildSettings = {
				ASSETCATALOG_COMPILER_APPICON_NAME = AppIcon;
				CODE_SIGN_STYLE = Automatic;
				DEVELOPMENT_TEAM = 9BM69LRYZ5;
				INFOPLIST_FILE = "app-store-apps/Info.plist";
				LD_RUNPATH_SEARCH_PATHS = (
					"$(inherited)",
					"@executable_path/Frameworks",
				);
				PRODUCT_BUNDLE_IDENTIFIER = "com.icloud.g1221438.app-store-apps";
				PRODUCT_NAME = "$(TARGET_NAME)";
				SWIFT_VERSION = 4.2;
				TARGETED_DEVICE_FAMILY = "1,2";
			};
			name = Debug;
		};
		C91D46622247874C00A6B62C /* Release */ = {
			isa = XCBuildConfiguration;
			buildSettings = {
				ASSETCATALOG_COMPILER_APPICON_NAME = AppIcon;
				CODE_SIGN_STYLE = Automatic;
				DEVELOPMENT_TEAM = 9BM69LRYZ5;
				INFOPLIST_FILE = "app-store-apps/Info.plist";
				LD_RUNPATH_SEARCH_PATHS = (
					"$(inherited)",
					"@executable_path/Frameworks",
				);
				PRODUCT_BUNDLE_IDENTIFIER = "com.icloud.g1221438.app-store-apps";
				PRODUCT_NAME = "$(TARGET_NAME)";
				SWIFT_VERSION = 4.2;
				TARGETED_DEVICE_FAMILY = "1,2";
			};
			name = Release;
		};
/* End XCBuildConfiguration section */

/* Begin XCConfigurationList section */
		C91D46492247874A00A6B62C /* Build configuration list for PBXProject "app-store-apps" */ = {
			isa = XCConfigurationList;
			buildConfigurations = (
				C91D465E2247874C00A6B62C /* Debug */,
				C91D465F2247874C00A6B62C /* Release */,
			);
			defaultConfigurationIsVisible = 0;
			defaultConfigurationName = Release;
		};
		C91D46602247874C00A6B62C /* Build configuration list for PBXNativeTarget "app-store-apps" */ = {
			isa = XCConfigurationList;
			buildConfigurations = (
				C91D46612247874C00A6B62C /* Debug */,
				C91D46622247874C00A6B62C /* Release */,
			);
			defaultConfigurationIsVisible = 0;
			defaultConfigurationName = Release;
		};
/* End XCConfigurationList section */
	};
	rootObject = C91D46462247874A00A6B62C /* Project object */;
}
